{
    "_meta": {
        "hash": {
            "sha256": "c27942c9145b9d7b570ad1724c869d22c43179d0e0738755ab4ddf10e460c27d"
        },
        "pipfile-spec": 6,
        "requires": {
            "python_version": "3.7"
        },
        "sources": [
            {
                "name": "pypi",
                "url": "https://pypi.org/simple",
                "verify_ssl": true
            }
        ]
    },
    "default": {
        "click": {
            "hashes": [
                "sha256:0c22a2cd5a1d741e993834df99133de07eff6cc1bf06f137da2c5f3bab9073a6",
                "sha256:678c98275431fad324275dec63791e4a17558b40e5a110e20a82866139a85a5a"
            ],
            "index": "pypi",
            "version": "==5.1"
        }
    },
    "develop": {}
}
